github.com/VictoriaMetrics/metrics v1.44.0 h1:Fr8yqQSV+ZfYaDD/anqk1E8e9YPgfleSleJmAI0M0Tw=
github.com/VictoriaMetrics/metrics v1.44.0/go.mod h1:xDM82ULLYCYdFRgQ2JBxi8Uf1+8En1So9YUwlGTOqTc=
github.com/benburkert/openpgp v0.0.0-20160410205803-c2471f86866c h1:8XZeJrs4+ZYhJeJ2aZxADI2tGADS15AzIF8MQ8XAhT4=
github.com/benburkert/openpgp v0.0.0-20160410205803-c2471f86866c/go.mod h1:x1vxHcL/9AVzuk5HOloOEPrtJY0MaalYr78afXZ+pWI=
github.com/datarhei/gosrt v0.11.0 h1:g3dGowSxrD1Oxr0Us6/w7x9bqzHHjBYu+EA3tNrhDeg=
github.com/datarhei/gosrt v0.11.0/go.mod h1:F5B25N3CFf68K4igNLQ1iARcKDbkv8riymjT8l5cbLg=
github.com/stretchr/objx v0.5.3 h1:jmXUvGomnU1o3W/V5h2VEradbpJDwGrzugQQvL0POH4=
github.com/stretchr/objx v0.5.3/go.mod h1:rDQraq+vQZU7Fde9LOZLr8Tax6zZvy4kuNKF+QYS+U0=
github.com/stretchr/testify v1.12.1 h1:EuwCh5fleGS7H32xRwO3wRGT7DxrDhLAT6FF8MpWDWE=
github.com/stretchr/testify v1.12.1/go.mod h1:MDEgiDPPsNp5cuIrHPPCyornHKgEVbtFUmoNlxoYthg=
github.com/valyala/fastrand v1.1.0 h1:f+5HkLW4rsgzdNoleUOB69hyT9IlD2ZQh9GyDMfb5G8=
github.com/valyala/fastrand v1.1.0/go.mod h1:HWqCzkrkg6QXT8V2EXWvXCoow7vLwOFN002oeRzjapQ=
github.com/valyala/histogram v1.2.0 h1:wyYGAZZt3CpwUiIb9AU/Zbllg1llXyrtApRS815OLoQ=
github.com/valyala/histogram v1.2.0/go.mod h1:Hb4kBwb4UxsaNbbbh+RRz8ZR6pdodR57tzWUS3BUzXY=
go.yaml.in/yaml/v3 v3.0.5 h1:N6y/pJk8buWs9NY5ERU2HSMfm+IuD/OtfdAnq6kESPw=
go.yaml.in/yaml/v3 v3.0.5/go.mod h1:HVTZu1O7/Vkt2N+BFy8Zza+lnLsABggaTM2ZpNIGuKg=
golang.org/x/net v0.53.0 h1:d+qAbo5L0orcWAr0a9JweQpjXF19LMXJE8Ey7hwOdUA=
golang.org/x/net v0.53.0/go.mod h1:JvMuJH7rrdiCfbeHoo3fCQU24Lf5JJwT9W3sJFulfgs=
golang.org/x/sys v0.44.0 h1:ildZl3J4uzeKP07r2F++Op7E9B29JRUy+a27EibtBTQ=
golang.org/x/sys v0.44.0/go.mod h1:4GL1E5IUh+htKOUEOaiffhrAeqysfVGipDYzABqnCmw=
